
Microsoft Visual Studio Solution File, Format Version 12.00
# Visual Studio Version 16
VisualStudioVersion = 16.0.29728.190
MinimumVisualStudioVersion = 10.0.40219.1
Project("{FAE04EC0-301F-11D3-BF4B-00C04F79EFBC}") = "dd32_html", "dd32_html.csproj", "{252A17F6-EB7F-406B-BC47-6B3FCE856E07}"
EndProject
Global
	GlobalSection(SolutionConfigurationPlatforms) = preSolution
		Debug|Any CPU = Debug|Any CPU
		Release|Any CPU = Release|Any CPU
	EndGlobalSection
	GlobalSection(ProjectConfigurationPlatforms) = postSolution
		{252A17F6-EB7F-406B-BC47-6B3FCE856E07}.Debug|Any CPU.ActiveCfg = Debug|Any CPU
		{252A17F6-EB7F-406B-BC47-6B3FCE856E07}.Debug|Any CPU.Build.0 = Debug|Any CPU
		{252A17F6-EB7F-406B-BC47-6B3FCE856E07}.Release|Any CPU.ActiveCfg = Release|Any CPU
		{252A17F6-EB7F-406B-BC47-6B3FCE856E07}.Release|Any CPU.Build.0 = Release|Any CPU
	EndGlobalSection
	GlobalSection(SolutionProperties) = preSolution
		HideSolutionNode = FALSE
	EndGlobalSection
	GlobalSection(ExtensibilityGlobals) = postSolution
		SolutionGuid = {D63F428C-AA37-4C3C-A0D7-C9D4DB4F2420}
	EndGlobalSection
EndGlobal
