
Microsoft Visual Studio Solution File, Format Version 12.00
# Visual Studio Version 16
VisualStudioVersion = 16.0.29418.71
MinimumVisualStudioVersion = 10.0.40219.1
Project("{FAE04EC0-301F-11D3-BF4B-00C04F79EFBC}") = "gencalls", "gencalls.csproj", "{79197DD8-D4F1-4B09-B238-D5847F6E67D7}"
EndProject
Global
	GlobalSection(SolutionConfigurationPlatforms) = preSolution
		Debug|Any CPU = Debug|Any CPU
		Release|Any CPU = Release|Any CPU
	EndGlobalSection
	GlobalSection(ProjectConfigurationPlatforms) = postSolution
		{79197DD8-D4F1-4B09-B238-D5847F6E67D7}.Debug|Any CPU.ActiveCfg = Debug|Any CPU
		{79197DD8-D4F1-4B09-B238-D5847F6E67D7}.Debug|Any CPU.Build.0 = Debug|Any CPU
		{79197DD8-D4F1-4B09-B238-D5847F6E67D7}.Release|Any CPU.ActiveCfg = Release|Any CPU
		{79197DD8-D4F1-4B09-B238-D5847F6E67D7}.Release|Any CPU.Build.0 = Release|Any CPU
	EndGlobalSection
	GlobalSection(SolutionProperties) = preSolution
		HideSolutionNode = FALSE
	EndGlobalSection
	GlobalSection(ExtensibilityGlobals) = postSolution
		SolutionGuid = {D349A964-5AC7-417C-80BA-336878F6324A}
	EndGlobalSection
EndGlobal
